
Microsoft Visual Studio Solution File, Format Version 12.00
# Visual Studio 15
VisualStudioVersion = 15.0.28010.2003
MinimumVisualStudioVersion = 10.0.40219.1
Project("{FAE04EC0-301F-11D3-BF4B-00C04F79EFBC}") = "Milionare", "Milionare\Milionare.csproj", "{9EBBCDAD-3383-4A73-AB09-B13BD69655C8}"
EndProject
Global
	GlobalSection(SolutionConfigurationPlatforms) = preSolution
		Debug|Any CPU = Debug|Any CPU
		Release|Any CPU = Release|Any CPU
	EndGlobalSection
	GlobalSection(ProjectConfigurationPlatforms) = postSolution
		{9EBBCDAD-3383-4A73-AB09-B13BD69655C8}.Debug|Any CPU.ActiveCfg = Debug|Any CPU
		{9EBBCDAD-3383-4A73-AB09-B13BD69655C8}.Debug|Any CPU.Build.0 = Debug|Any CPU
		{9EBBCDAD-3383-4A73-AB09-B13BD69655C8}.Release|Any CPU.ActiveCfg = Release|Any CPU
		{9EBBCDAD-3383-4A73-AB09-B13BD69655C8}.Release|Any CPU.Build.0 = Release|Any CPU
	EndGlobalSection
	GlobalSection(SolutionProperties) = preSolution
		HideSolutionNode = FALSE
	EndGlobalSection
	GlobalSection(ExtensibilityGlobals) = postSolution
		SolutionGuid = {6343A137-B9CD-4056-B114-16A0D89916C1}
	EndGlobalSection
EndGlobal
